
Microsoft Visual Studio Solution File, Format Version 12.00
# Visual Studio 15
VisualStudioVersion = 15.0.28307.572
MinimumVisualStudioVersion = 10.0.40219.1
Project("{FAE04EC0-301F-11D3-BF4B-00C04F79EFBC}") = "Exercicio2", "Exercicio2\Exercicio2.csproj", "{F2DFC4FA-07B7-4F4C-830B-2F1EBF61131C}"
EndProject
Global
	GlobalSection(SolutionConfigurationPlatforms) = preSolution
		Debug|Any CPU = Debug|Any CPU
		Release|Any CPU = Release|Any CPU
	EndGlobalSection
	GlobalSection(ProjectConfigurationPlatforms) = postSolution
		{F2DFC4FA-07B7-4F4C-830B-2F1EBF61131C}.Debug|Any CPU.ActiveCfg = Debug|Any CPU
		{F2DFC4FA-07B7-4F4C-830B-2F1EBF61131C}.Debug|Any CPU.Build.0 = Debug|Any CPU
		{F2DFC4FA-07B7-4F4C-830B-2F1EBF61131C}.Release|Any CPU.ActiveCfg = Release|Any CPU
		{F2DFC4FA-07B7-4F4C-830B-2F1EBF61131C}.Release|Any CPU.Build.0 = Release|Any CPU
	EndGlobalSection
	GlobalSection(SolutionProperties) = preSolution
		HideSolutionNode = FALSE
	EndGlobalSection
	GlobalSection(ExtensibilityGlobals) = postSolution
		SolutionGuid = {06F32D81-1479-4DE5-89EE-9850F60532BA}
	EndGlobalSection
EndGlobal
